
Microsoft Visual Studio Solution File, Format Version 12.00
# Visual Studio Version 17
VisualStudioVersion = 17.9.34607.119
MinimumVisualStudioVersion = 10.0.40219.1
Project("{9A19103F-16F7-4668-BE54-9A1E7A4F7556}") = "BLOBStorageEmailNotificationServer", "BLOBStorageEmailNotificationServer\BLOBStorageEmailNotificationServer.csproj", "{CBE48601-3A69-4869-8DE3-D9A5F0120BF3}"
EndProject
Project("{9A19103F-16F7-4668-BE54-9A1E7A4F7556}") = "AzureEmailBLOBTrigger", "AzureEmailBLOBTrigger\AzureEmailBLOBTrigger.csproj", "{CC56F4CD-3CCA-43EC-9578-51FE512B9217}"
EndProject
Project("{9A19103F-16F7-4668-BE54-9A1E7A4F7556}") = "BLOBStorageEmailNotificationServerTests", "BLOBStorageEmailNotificationServerTests\BLOBStorageEmailNotificationServerTests.csproj", "{05369554-2A1F-43A0-92FB-3F9EDA071441}"
EndProject
Project("{FAE04EC0-301F-11D3-BF4B-00C04F79EFBC}") = "AzureEmailBLOBTriggerTests", "AzureEmailBLOBTriggerTests\AzureEmailBLOBTriggerTests.csproj", "{33FD24FF-7D32-491C-8F11-295798F5188F}"
EndProject
Global
	GlobalSection(SolutionConfigurationPlatforms) = preSolution
		Debug|Any CPU = Debug|Any CPU
		Release|Any CPU = Release|Any CPU
	EndGlobalSection
	GlobalSection(ProjectConfigurationPlatforms) = postSolution
		{CBE48601-3A69-4869-8DE3-D9A5F0120BF3}.Debug|Any CPU.ActiveCfg = Debug|Any CPU
		{CBE48601-3A69-4869-8DE3-D9A5F0120BF3}.Debug|Any CPU.Build.0 = Debug|Any CPU
		{CBE48601-3A69-4869-8DE3-D9A5F0120BF3}.Release|Any CPU.ActiveCfg = Release|Any CPU
		{CBE48601-3A69-4869-8DE3-D9A5F0120BF3}.Release|Any CPU.Build.0 = Release|Any CPU
		{CC56F4CD-3CCA-43EC-9578-51FE512B9217}.Debug|Any CPU.ActiveCfg = Debug|Any CPU
		{CC56F4CD-3CCA-43EC-9578-51FE512B9217}.Debug|Any CPU.Build.0 = Debug|Any CPU
		{CC56F4CD-3CCA-43EC-9578-51FE512B9217}.Release|Any CPU.ActiveCfg = Release|Any CPU
		{CC56F4CD-3CCA-43EC-9578-51FE512B9217}.Release|Any CPU.Build.0 = Release|Any CPU
		{05369554-2A1F-43A0-92FB-3F9EDA071441}.Debug|Any CPU.ActiveCfg = Debug|Any CPU
		{05369554-2A1F-43A0-92FB-3F9EDA071441}.Debug|Any CPU.Build.0 = Debug|Any CPU
		{05369554-2A1F-43A0-92FB-3F9EDA071441}.Release|Any CPU.ActiveCfg = Release|Any CPU
		{05369554-2A1F-43A0-92FB-3F9EDA071441}.Release|Any CPU.Build.0 = Release|Any CPU
		{33FD24FF-7D32-491C-8F11-295798F5188F}.Debug|Any CPU.ActiveCfg = Debug|Any CPU
		{33FD24FF-7D32-491C-8F11-295798F5188F}.Debug|Any CPU.Build.0 = Debug|Any CPU
		{33FD24FF-7D32-491C-8F11-295798F5188F}.Release|Any CPU.ActiveCfg = Release|Any CPU
		{33FD24FF-7D32-491C-8F11-295798F5188F}.Release|Any CPU.Build.0 = Release|Any CPU
	EndGlobalSection
	GlobalSection(SolutionProperties) = preSolution
		HideSolutionNode = FALSE
	EndGlobalSection
	GlobalSection(ExtensibilityGlobals) = postSolution
		SolutionGuid = {558F0953-A69E-4AAA-96BC-E2367788F977}
	EndGlobalSection
EndGlobal
