
Microsoft Visual Studio Solution File, Format Version 12.00
# Visual Studio Version 17
VisualStudioVersion = 17.9.34607.119
MinimumVisualStudioVersion = 10.0.40219.1
Project("{9A19103F-16F7-4668-BE54-9A1E7A4F7556}") = "ReenbitTestTask", "ReenbitTestTask.csproj", "{5CA7F076-9F9F-40F4-85FD-96767CF189D2}"
EndProject
Project("{9A19103F-16F7-4668-BE54-9A1E7A4F7556}") = "AzureEmailBLOBTrigger", "..\AzureEmailBLOBTrigger\AzureEmailBLOBTrigger.csproj", "{0B8DA322-3DD6-4217-BC8E-D0AB5A062E6B}"
EndProject
Global
	GlobalSection(SolutionConfigurationPlatforms) = preSolution
		Debug|Any CPU = Debug|Any CPU
		Release|Any CPU = Release|Any CPU
	EndGlobalSection
	GlobalSection(ProjectConfigurationPlatforms) = postSolution
		{5CA7F076-9F9F-40F4-85FD-96767CF189D2}.Debug|Any CPU.ActiveCfg = Debug|Any CPU
		{5CA7F076-9F9F-40F4-85FD-96767CF189D2}.Debug|Any CPU.Build.0 = Debug|Any CPU
		{5CA7F076-9F9F-40F4-85FD-96767CF189D2}.Release|Any CPU.ActiveCfg = Release|Any CPU
		{5CA7F076-9F9F-40F4-85FD-96767CF189D2}.Release|Any CPU.Build.0 = Release|Any CPU
		{0B8DA322-3DD6-4217-BC8E-D0AB5A062E6B}.Debug|Any CPU.ActiveCfg = Debug|Any CPU
		{0B8DA322-3DD6-4217-BC8E-D0AB5A062E6B}.Debug|Any CPU.Build.0 = Debug|Any CPU
		{0B8DA322-3DD6-4217-BC8E-D0AB5A062E6B}.Release|Any CPU.ActiveCfg = Release|Any CPU
		{0B8DA322-3DD6-4217-BC8E-D0AB5A062E6B}.Release|Any CPU.Build.0 = Release|Any CPU
	EndGlobalSection
	GlobalSection(SolutionProperties) = preSolution
		HideSolutionNode = FALSE
	EndGlobalSection
	GlobalSection(ExtensibilityGlobals) = postSolution
		SolutionGuid = {436A1290-BC57-41E1-BA4B-098EE3C10D38}
	EndGlobalSection
EndGlobal
